{
  "requires": true,
  "lockfileVersion": 1,
  "dependencies": {
    "sweetalert2": {
      "version": "9.17.1",
      "resolved": "https://registry.npmjs.org/sweetalert2/-/sweetalert2-9.17.1.tgz",
      "integrity": "sha512-D/VE2lT/bKd64/RBglLUtQ+3nsftzjzIiP2iqN6zPzPwf+2djIY+4k8Bg430zxRUn4DkZzyIuU58q3n0J43lvw=="
    }
  }
}
